
Microsoft Visual Studio Solution File, Format Version 12.00
# Visual Studio 15
VisualStudioVersion = 15.0.28307.645
MinimumVisualStudioVersion = 10.0.40219.1
Project("{888888A0-9F3D-457C-B088-3A5042F75D52}") = "Python-SDK", "Python-SDK\Python-SDK.pyproj", "{9F6FB523-DBFF-48A2-BF03-4FDE87DD2DDC}"
EndProject
Global
	GlobalSection(SolutionConfigurationPlatforms) = preSolution
		Debug|Any CPU = Debug|Any CPU
		Release|Any CPU = Release|Any CPU
	EndGlobalSection
	GlobalSection(ProjectConfigurationPlatforms) = postSolution
		{9F6FB523-DBFF-48A2-BF03-4FDE87DD2DDC}.Debug|Any CPU.ActiveCfg = Debug|Any CPU
		{9F6FB523-DBFF-48A2-BF03-4FDE87DD2DDC}.Release|Any CPU.ActiveCfg = Release|Any CPU
	EndGlobalSection
	GlobalSection(SolutionProperties) = preSolution
		HideSolutionNode = FALSE
	EndGlobalSection
	GlobalSection(ExtensibilityGlobals) = postSolution
		SolutionGuid = {5F4DE95F-08AD-4C02-86EC-2F00904FD47B}
	EndGlobalSection
EndGlobal
